{
  "nodes": {
    "disko": {
      "inputs": {
        "nixpkgs": "nixpkgs"
      },
      "locked": {
        "lastModified": 1724895876,
        "narHash": "sha256-GSqAwa00+vRuHbq9O/yRv7Ov7W/pcMLis3HmeHv8a+Q=",
        "owner": "nix-community",
        "repo": "disko",
        "rev": "511388d837178979de66d14ca4a2ebd5f7991cd3",
        "type": "github"
      },
      "original": {
        "owner": "nix-community",
        "repo": "disko",
        "type": "github"
      }
    },
    "nixpkgs": {
      "locked": {
        "lastModified": 1724748588,
        "narHash": "sha256-NlpGA4+AIf1dKNq76ps90rxowlFXUsV9x7vK/mN37JM=",
        "owner": "NixOS",
        "repo": "nixpkgs",
        "rev": "a6292e34000dc93d43bccf78338770c1c5ec8a99",
        "type": "github"
      },
      "original": {
        "owner": "NixOS",
        "ref": "nixpkgs-unstable",
        "repo": "nixpkgs",
        "type": "github"
      }
    },
    "nixpkgs-unstable": {
      "locked": {
        "lastModified": 1727348695,
        "narHash": "sha256-J+PeFKSDV+pHL7ukkfpVzCOO7mBSrrpJ3svwBFABbhI=",
        "owner": "NixOS",
        "repo": "nixpkgs",
        "rev": "1925c603f17fc89f4c8f6bf6f631a802ad85d784",
        "type": "github"
      },
      "original": {
        "id": "nixpkgs",
        "ref": "nixos-unstable",
        "type": "indirect"
      }
    },
    "nixpkgs_2": {
      "locked": {
        "lastModified": 1732988994,
        "narHash": "sha256-mg45yzpgvsoQKL5egbBCfq4BtpRxg2/RsE1TL60GdGI=",
        "owner": "NixOS",
        "repo": "nixpkgs",
        "rev": "ff5fd5aff0b38eca6461d9a4d64e3ea672077939",
        "type": "github"
      },
      "original": {
        "owner": "NixOS",
        "ref": "release-24.11",
        "repo": "nixpkgs",
        "type": "github"
      }
    },
    "root": {
      "inputs": {
        "disko": "disko",
        "nixpkgs": "nixpkgs_2",
        "nixpkgs-unstable": "nixpkgs-unstable"
      }
    }
  },
  "root": "root",
  "version": 7
}
